
Microsoft Visual Studio Solution File, Format Version 12.00
# Visual Studio Version 17
VisualStudioVersion = 17.13.35919.96 d17.13
MinimumVisualStudioVersion = 10.0.40219.1
Project("{FAE04EC0-301F-11D3-BF4B-00C04F79EFBC}") = "CloudFlareDDNS", "CloudFlareDDNS\CloudFlareDDNS.csproj", "{A27B961E-7DB9-40BA-9129-4DB34BEA2C0B}"
EndProject
Global
	GlobalSection(SolutionConfigurationPlatforms) = preSolution
		Debug|Any CPU = Debug|Any CPU
		Release|Any CPU = Release|Any CPU
	EndGlobalSection
	GlobalSection(ProjectConfigurationPlatforms) = postSolution
		{A27B961E-7DB9-40BA-9129-4DB34BEA2C0B}.Debug|Any CPU.ActiveCfg = Debug|Any CPU
		{A27B961E-7DB9-40BA-9129-4DB34BEA2C0B}.Debug|Any CPU.Build.0 = Debug|Any CPU
		{A27B961E-7DB9-40BA-9129-4DB34BEA2C0B}.Release|Any CPU.ActiveCfg = Release|Any CPU
		{A27B961E-7DB9-40BA-9129-4DB34BEA2C0B}.Release|Any CPU.Build.0 = Release|Any CPU
	EndGlobalSection
	GlobalSection(SolutionProperties) = preSolution
		HideSolutionNode = FALSE
	EndGlobalSection
	GlobalSection(ExtensibilityGlobals) = postSolution
		SolutionGuid = {A903CD74-C3BA-4D35-9EBB-D29BFFAE7D37}
	EndGlobalSection
EndGlobal
